// !$*UTF8*$!
{
	archiveVersion = 1;
	classes = {
	};
	objectVersion = 50;
	objects = {

/* Begin PBXBuildFile section */
		BD40B83721BDD0F7007C9FC2 /* AppDelegate.swift in Sources */ = {isa = PBXBuildFile; fileRef = BD40B83621BDD0F7007C9FC2 /* AppDelegate.swift */; };
		BD40B83921BDD0F7007C9FC2 /* ViewController.swift in Sources */ = {isa = PBXBuildFile; fileRef = BD40B83821BDD0F7007C9FC2 /* ViewController.swift */; };
		BD40B83C21BDD0F7007C9FC2 /* Main.storyboard in Resources */ = {isa = PBXBuildFile; fileRef = BD40B83A21BDD0F7007C9FC2 /* Main.storyboard */; };
		BD40B83E21BDD0F9007C9FC2 /* Assets.xcassets in Resources */ = {isa = PBXBuildFile; fileRef = BD40B83D21BDD0F9007C9FC2 /* Assets.xcassets */; };
		BD40B84121BDD0F9007C9FC2 /* LaunchScreen.storyboard in Resources */ = {isa = PBXBuildFile; fileRef = BD40B83F21BDD0F9007C9FC2 /* LaunchScreen.storyboard */; };
		BD40B84B21BDF963007C9FC2 /* Models.swift in Sources */ = {isa = PBXBuildFile; fileRef = BD40B84A21BDF963007C9FC2 /* Models.swift */; };
		BD9040BC2203E3DE009A4A60 /* PlaylistItemCell.swift in Sources */ = {isa = PBXBuildFile; fileRef = BD9040BB2203E3DE009A4A60 /* PlaylistItemCell.swift */; };
		BD9040BE2203FEBF009A4A60 /* PlaylistItemDetailVC.swift in Sources */ = {isa = PBXBuildFile; fileRef = BD9040BD2203FEBF009A4A60 /* PlaylistItemDetailVC.swift */; };
		D3BB34B8E1AC4AD6D5A85A60 /* Pods_Swift_News.framework in Frameworks */ = {isa = PBXBuildFile; fileRef = A071CBE5DECE4A7952C72641 /* Pods_Swift_News.framework */; };
/* End PBXBuildFile section */

/* Begin PBXFileReference section */
		A071CBE5DECE4A7952C72641 /* Pods_Swift_News.framework */ = {isa = PBXFileReference; explicitFileType = wrapper.framework; includeInIndex = 0; path = Pods_Swift_News.framework; sourceTree = BUILT_PRODUCTS_DIR; };
		A541C44219743DD8B2A1B01E /* Pods-Swift News.release.xcconfig */ = {isa = PBXFileReference; includeInIndex = 1; lastKnownFileType = text.xcconfig; name = "Pods-Swift News.release.xcconfig"; path = "Pods/Target Support Files/Pods-Swift News/Pods-Swift News.release.xcconfig"; sourceTree = "<group>"; };
		BD40B83321BDD0F7007C9FC2 /* Swift News.app */ = {isa = PBXFileReference; explicitFileType = wrapper.application; includeInIndex = 0; path = "Swift News.app"; sourceTree = BUILT_PRODUCTS_DIR; };
		BD40B83621BDD0F7007C9FC2 /* AppDelegate.swift */ = {isa = PBXFileReference; lastKnownFileType = sourcecode.swift; path = AppDelegate.swift; sourceTree = "<group>"; };
		BD40B83821BDD0F7007C9FC2 /* ViewController.swift */ = {isa = PBXFileReference; lastKnownFileType = sourcecode.swift; path = ViewController.swift; sourceTree = "<group>"; };
		BD40B83B21BDD0F7007C9FC2 /* Base */ = {isa = PBXFileReference; lastKnownFileType = file.storyboard; name = Base; path = Base.lproj/Main.storyboard; sourceTree = "<group>"; };
		BD40B83D21BDD0F9007C9FC2 /* Assets.xcassets */ = {isa = PBXFileReference; lastKnownFileType = folder.assetcatalog; path = Assets.xcassets; sourceTree = "<group>"; };
		BD40B84021BDD0F9007C9FC2 /* Base */ = {isa = PBXFileReference; lastKnownFileType = file.storyboard; name = Base; path = Base.lproj/LaunchScreen.storyboard; sourceTree = "<group>"; };
		BD40B84221BDD0F9007C9FC2 /* Info.plist */ = {isa = PBXFileReference; lastKnownFileType = text.plist.xml; path = Info.plist; sourceTree = "<group>"; };
		BD40B84A21BDF963007C9FC2 /* Models.swift */ = {isa = PBXFileReference; lastKnownFileType = sourcecode.swift; path = Models.swift; sourceTree = "<group>"; };
		BD9040BB2203E3DE009A4A60 /* PlaylistItemCell.swift */ = {isa = PBXFileReference; lastKnownFileType = sourcecode.swift; path = PlaylistItemCell.swift; sourceTree = "<group>"; };
		BD9040BD2203FEBF009A4A60 /* PlaylistItemDetailVC.swift */ = {isa = PBXFileReference; lastKnownFileType = sourcecode.swift; path = PlaylistItemDetailVC.swift; sourceTree = "<group>"; };
		FCD15E08A0EA99B182F49539 /* Pods-Swift News.debug.xcconfig */ = {isa = PBXFileReference; includeInIndex = 1; lastKnownFileType = text.xcconfig; name = "Pods-Swift News.debug.xcconfig"; path = "Pods/Target Support Files/Pods-Swift News/Pods-Swift News.debug.xcconfig"; sourceTree = "<group>"; };
/* End PBXFileReference section */

/* Begin PBXFrameworksBuildPhase section */
		BD40B83021BDD0F7007C9FC2 /* Frameworks */ = {
			isa = PBXFrameworksBuildPhase;
			buildActionMask = 2147483647;
			files = (
				D3BB34B8E1AC4AD6D5A85A60 /* Pods_Swift_News.framework in Frameworks */,
			);
			runOnlyForDeploymentPostprocessing = 0;
		};
/* End PBXFrameworksBuildPhase section */

/* Begin PBXGroup section */
		863C22E914C3DFFE505ED8A2 /* Pods */ = {
			isa = PBXGroup;
			children = (
				FCD15E08A0EA99B182F49539 /* Pods-Swift News.debug.xcconfig */,
				A541C44219743DD8B2A1B01E /* Pods-Swift News.release.xcconfig */,
			);
			name = Pods;
			sourceTree = "<group>";
		};
		BD40B82A21BDD0F7007C9FC2 = {
			isa = PBXGroup;
			children = (
				BD40B83521BDD0F7007C9FC2 /* Swift News */,
				BD40B83421BDD0F7007C9FC2 /* Products */,
				863C22E914C3DFFE505ED8A2 /* Pods */,
				D7C59C70D9C0DC2E95672D57 /* Frameworks */,
			);
			sourceTree = "<group>";
		};
		BD40B83421BDD0F7007C9FC2 /* Products */ = {
			isa = PBXGroup;
			children = (
				BD40B83321BDD0F7007C9FC2 /* Swift News.app */,
			);
			name = Products;
			sourceTree = "<group>";
		};
		BD40B83521BDD0F7007C9FC2 /* Swift News */ = {
			isa = PBXGroup;
			children = (
				BD40B83621BDD0F7007C9FC2 /* AppDelegate.swift */,
				BD40B83821BDD0F7007C9FC2 /* ViewController.swift */,
				BD9040BB2203E3DE009A4A60 /* PlaylistItemCell.swift */,
				BD40B83A21BDD0F7007C9FC2 /* Main.storyboard */,
				BD9040BD2203FEBF009A4A60 /* PlaylistItemDetailVC.swift */,
				BD40B83D21BDD0F9007C9FC2 /* Assets.xcassets */,
				BD40B83F21BDD0F9007C9FC2 /* LaunchScreen.storyboard */,
				BD40B84221BDD0F9007C9FC2 /* Info.plist */,
				BD40B84A21BDF963007C9FC2 /* Models.swift */,
			);
			path = "Swift News";
			sourceTree = "<group>";
		};
		D7C59C70D9C0DC2E95672D57 /* Frameworks */ = {
			isa = PBXGroup;
			children = (
				A071CBE5DECE4A7952C72641 /* Pods_Swift_News.framework */,
			);
			name = Frameworks;
			sourceTree = "<group>";
		};
/* End PBXGroup section */

/* Begin PBXNativeTarget section */
		BD40B83221BDD0F7007C9FC2 /* Swift News */ = {
			isa = PBXNativeTarget;
			buildConfigurationList = BD40B84521BDD0F9007C9FC2 /* Build configuration list for PBXNativeTarget "Swift News" */;
			buildPhases = (
				3693043E641EFF7A9D05AC6C /* [CP] Check Pods Manifest.lock */,
				BD40B82F21BDD0F7007C9FC2 /* Sources */,
				BD40B83021BDD0F7007C9FC2 /* Frameworks */,
				BD40B83121BDD0F7007C9FC2 /* Resources */,
				DD972837A9D90D0414F72CA0 /* [CP] Embed Pods Frameworks */,
			);
			buildRules = (
			);
			dependencies = (
			);
			name = "Swift News";
			productName = "Swift News";
			productReference = BD40B83321BDD0F7007C9FC2 /* Swift News.app */;
			productType = "com.apple.product-type.application";
		};
/* End PBXNativeTarget section */

/* Begin PBXProject section */
		BD40B82B21BDD0F7007C9FC2 /* Project object */ = {
			isa = PBXProject;
			attributes = {
				LastSwiftUpdateCheck = 1010;
				LastUpgradeCheck = 1010;
				ORGANIZATIONNAME = "Marc Aupont";
				TargetAttributes = {
					BD40B83221BDD0F7007C9FC2 = {
						CreatedOnToolsVersion = 10.1;
					};
				};
			};
			buildConfigurationList = BD40B82E21BDD0F7007C9FC2 /* Build configuration list for PBXProject "Swift News" */;
			compatibilityVersion = "Xcode 9.3";
			developmentRegion = en;
			hasScannedForEncodings = 0;
			knownRegions = (
				en,
				Base,
			);
			mainGroup = BD40B82A21BDD0F7007C9FC2;
			productRefGroup = BD40B83421BDD0F7007C9FC2 /* Products */;
			projectDirPath = "";
			projectRoot = "";
			targets = (
				BD40B83221BDD0F7007C9FC2 /* Swift News */,
			);
		};
/* End PBXProject section */

/* Begin PBXResourcesBuildPhase section */
		BD40B83121BDD0F7007C9FC2 /* Resources */ = {
			isa = PBXResourcesBuildPhase;
			buildActionMask = 2147483647;
			files = (
				BD40B84121BDD0F9007C9FC2 /* LaunchScreen.storyboard in Resources */,
				BD40B83E21BDD0F9007C9FC2 /* Assets.xcassets in Resources */,
				BD40B83C21BDD0F7007C9FC2 /* Main.storyboard in Resources */,
			);
			runOnlyForDeploymentPostprocessing = 0;
		};
/* End PBXResourcesBuildPhase section */

/* Begin PBXShellScriptBuildPhase section */
		3693043E641EFF7A9D05AC6C /* [CP] Check Pods Manifest.lock */ = {
			isa = PBXShellScriptBuildPhase;
			buildActionMask = 2147483647;
			files = (
			);
			inputFileListPaths = (
			);
			inputPaths = (
				"${PODS_PODFILE_DIR_PATH}/Podfile.lock",
				"${PODS_ROOT}/Manifest.lock",
			);
			name = "[CP] Check Pods Manifest.lock";
			outputFileListPaths = (
			);
			outputPaths = (
				"$(DERIVED_FILE_DIR)/Pods-Swift News-checkManifestLockResult.txt",
			);
			runOnlyForDeploymentPostprocessing = 0;
			shellPath = /bin/sh;
			shellScript = "diff \"${PODS_PODFILE_DIR_PATH}/Podfile.lock\" \"${PODS_ROOT}/Manifest.lock\" > /dev/null\nif [ $? != 0 ] ; then\n    # print error to STDERR\n    echo \"error: The sandbox is not in sync with the Podfile.lock. Run 'pod install' or update your CocoaPods installation.\" >&2\n    exit 1\nfi\n# This output is used by Xcode 'outputs' to avoid re-running this script phase.\necho \"SUCCESS\" > \"${SCRIPT_OUTPUT_FILE_0}\"\n";
			showEnvVarsInLog = 0;
		};
		DD972837A9D90D0414F72CA0 /* [CP] Embed Pods Frameworks */ = {
			isa = PBXShellScriptBuildPhase;
			buildActionMask = 2147483647;
			files = (
			);
			inputFileListPaths = (
			);
			inputPaths = (
				"${SRCROOT}/Pods/Target Support Files/Pods-Swift News/Pods-Swift News-frameworks.sh",
				"${BUILT_PRODUCTS_DIR}/SDWebImage/SDWebImage.framework",
			);
			name = "[CP] Embed Pods Frameworks";
			outputFileListPaths = (
			);
			outputPaths = (
				"${TARGET_BUILD_DIR}/${FRAMEWORKS_FOLDER_PATH}/SDWebImage.framework",
			);
			runOnlyForDeploymentPostprocessing = 0;
			shellPath = /bin/sh;
			shellScript = "\"${SRCROOT}/Pods/Target Support Files/Pods-Swift News/Pods-Swift News-frameworks.sh\"\n";
			showEnvVarsInLog = 0;
		};
/* End PBXShellScriptBuildPhase section */

/* Begin PBXSourcesBuildPhase section */
		BD40B82F21BDD0F7007C9FC2 /* Sources */ = {
			isa = PBXSourcesBuildPhase;
			buildActionMask = 2147483647;
			files = (
				BD9040BE2203FEBF009A4A60 /* PlaylistItemDetailVC.swift in Sources */,
				BD40B84B21BDF963007C9FC2 /* Models.swift in Sources */,
				BD40B83921BDD0F7007C9FC2 /* ViewController.swift in Sources */,
				BD9040BC2203E3DE009A4A60 /* PlaylistItemCell.swift in Sources */,
				BD40B83721BDD0F7007C9FC2 /* AppDelegate.swift in Sources */,
			);
			runOnlyForDeploymentPostprocessing = 0;
		};
/* End PBXSourcesBuildPhase section */

/* Begin PBXVariantGroup section */
		BD40B83A21BDD0F7007C9FC2 /* Main.storyboard */ = {
			isa = PBXVariantGroup;
			children = (
				BD40B83B21BDD0F7007C9FC2 /* Base */,
			);
			name = Main.storyboard;
			sourceTree = "<group>";
		};
		BD40B83F21BDD0F9007C9FC2 /* LaunchScreen.storyboard */ = {
			isa = PBXVariantGroup;
			children = (
				BD40B84021BDD0F9007C9FC2 /* Base */,
			);
			name = LaunchScreen.storyboard;
			sourceTree = "<group>";
		};
/* End PBXVariantGroup section */

/* Begin XCBuildConfiguration section */
		BD40B84321BDD0F9007C9FC2 /* Debug */ = {
			isa = XCBuildConfiguration;
			buildSettings = {
				ALWAYS_SEARCH_USER_PATHS = NO;
				CLANG_ANALYZER_NONNULL = YES;
				CLANG_ANALYZER_NUMBER_OBJECT_CONVERSION = YES_AGGRESSIVE;
				CLANG_CXX_LANGUAGE_STANDARD = "gnu++14";
				CLANG_CXX_LIBRARY = "libc++";
				CLANG_ENABLE_MODULES = YES;
				CLANG_ENABLE_OBJC_ARC = YES;
				CLANG_ENABLE_OBJC_WEAK = YES;
				CLANG_WARN_BLOCK_CAPTURE_AUTORELEASING = YES;
				CLANG_WARN_BOOL_CONVERSION = YES;
				CLANG_WARN_COMMA = YES;
				CLANG_WARN_CONSTANT_CONVERSION = YES;
				CLANG_WARN_DEPRECATED_OBJC_IMPLEMENTATIONS = YES;
				CLANG_WARN_DIRECT_OBJC_ISA_USAGE = YES_ERROR;
				CLANG_WARN_DOCUMENTATION_COMMENTS = YES;
				CLANG_WARN_EMPTY_BODY = YES;
				CLANG_WARN_ENUM_CONVERSION = YES;
				CLANG_WARN_INFINITE_RECURSION = YES;
				CLANG_WARN_INT_CONVERSION = YES;
				CLANG_WARN_NON_LITERAL_NULL_CONVERSION = YES;
				CLANG_WARN_OBJC_IMPLICIT_RETAIN_SELF = YES;
				CLANG_WARN_OBJC_LITERAL_CONVERSION = YES;
				CLANG_WARN_OBJC_ROOT_CLASS = YES_ERROR;
				CLANG_WARN_RANGE_LOOP_ANALYSIS = YES;
				CLANG_WARN_STRICT_PROTOTYPES = YES;
				CLANG_WARN_SUSPICIOUS_MOVE = YES;
				CLANG_WARN_UNGUARDED_AVAILABILITY = YES_AGGRESSIVE;
				CLANG_WARN_UNREACHABLE_CODE = YES;
				CLANG_WARN__DUPLICATE_METHOD_MATCH = YES;
				CODE_SIGN_IDENTITY = "iPhone Developer";
				COPY_PHASE_STRIP = NO;
				DEBUG_INFORMATION_FORMAT = dwarf;
				ENABLE_STRICT_OBJC_MSGSEND = YES;
				ENABLE_TESTABILITY = YES;
				GCC_C_LANGUAGE_STANDARD = gnu11;
				GCC_DYNAMIC_NO_PIC = NO;
				GCC_NO_COMMON_BLOCKS = YES;
				GCC_OPTIMIZATION_LEVEL = 0;
				GCC_PREPROCESSOR_DEFINITIONS = (
					"DEBUG=1",
					"$(inherited)",
				);
				GCC_WARN_64_TO_32_BIT_CONVERSION = YES;
				GCC_WARN_ABOUT_RETURN_TYPE = YES_ERROR;
				GCC_WARN_UNDECLARED_SELECTOR = YES;
				GCC_WARN_UNINITIALIZED_AUTOS = YES_AGGRESSIVE;
				GCC_WARN_UNUSED_FUNCTION = YES;
				GCC_WARN_UNUSED_VARIABLE = YES;
				IPHONEOS_DEPLOYMENT_TARGET = 12.1;
				MTL_ENABLE_DEBUG_INFO = INCLUDE_SOURCE;
				MTL_FAST_MATH = YES;
				ONLY_ACTIVE_ARCH = YES;
				SDKROOT = iphoneos;
				SWIFT_ACTIVE_COMPILATION_CONDITIONS = DEBUG;
				SWIFT_OPTIMIZATION_LEVEL = "-Onone";
			};
			name = Debug;
		};
		BD40B84421BDD0F9007C9FC2 /* Release */ = {
			isa = XCBuildConfiguration;
			buildSettings = {
				ALWAYS_SEARCH_USER_PATHS = NO;
				CLANG_ANALYZER_NONNULL = YES;
				CLANG_ANALYZER_NUMBER_OBJECT_CONVERSION = YES_AGGRESSIVE;
				CLANG_CXX_LANGUAGE_STANDARD = "gnu++14";
				CLANG_CXX_LIBRARY = "libc++";
				CLANG_ENABLE_MODULES = YES;
				CLANG_ENABLE_OBJC_ARC = YES;
				CLANG_ENABLE_OBJC_WEAK = YES;
				CLANG_WARN_BLOCK_CAPTURE_AUTORELEASING = YES;
				CLANG_WARN_BOOL_CONVERSION = YES;
				CLANG_WARN_COMMA = YES;
				CLANG_WARN_CONSTANT_CONVERSION = YES;
				CLANG_WARN_DEPRECATED_OBJC_IMPLEMENTATIONS = YES;
				CLANG_WARN_DIRECT_OBJC_ISA_USAGE = YES_ERROR;
				CLANG_WARN_DOCUMENTATION_COMMENTS = YES;
				CLANG_WARN_EMPTY_BODY = YES;
				CLANG_WARN_ENUM_CONVERSION = YES;
				CLANG_WARN_INFINITE_RECURSION = YES;
				CLANG_WARN_INT_CONVERSION = YES;
				CLANG_WARN_NON_LITERAL_NULL_CONVERSION = YES;
				CLANG_WARN_OBJC_IMPLICIT_RETAIN_SELF = YES;
				CLANG_WARN_OBJC_LITERAL_CONVERSION = YES;
				CLANG_WARN_OBJC_ROOT_CLASS = YES_ERROR;
				CLANG_WARN_RANGE_LOOP_ANALYSIS = YES;
				CLANG_WARN_STRICT_PROTOTYPES = YES;
				CLANG_WARN_SUSPICIOUS_MOVE = YES;
				CLANG_WARN_UNGUARDED_AVAILABILITY = YES_AGGRESSIVE;
				CLANG_WARN_UNREACHABLE_CODE = YES;
				CLANG_WARN__DUPLICATE_METHOD_MATCH = YES;
				CODE_SIGN_IDENTITY = "iPhone Developer";
				COPY_PHASE_STRIP = NO;
				DEBUG_INFORMATION_FORMAT = "dwarf-with-dsym";
				ENABLE_NS_ASSERTIONS = NO;
				ENABLE_STRICT_OBJC_MSGSEND = YES;
				GCC_C_LANGUAGE_STANDARD = gnu11;
				GCC_NO_COMMON_BLOCKS = YES;
				GCC_WARN_64_TO_32_BIT_CONVERSION = YES;
				GCC_WARN_ABOUT_RETURN_TYPE = YES_ERROR;
				GCC_WARN_UNDECLARED_SELECTOR = YES;
				GCC_WARN_UNINITIALIZED_AUTOS = YES_AGGRESSIVE;
				GCC_WARN_UNUSED_FUNCTION = YES;
				GCC_WARN_UNUSED_VARIABLE = YES;
				IPHONEOS_DEPLOYMENT_TARGET = 12.1;
				MTL_ENABLE_DEBUG_INFO = NO;
				MTL_FAST_MATH = YES;
				SDKROOT = iphoneos;
				SWIFT_COMPILATION_MODE = wholemodule;
				SWIFT_OPTIMIZATION_LEVEL = "-O";
				VALIDATE_PRODUCT = YES;
			};
			name = Release;
		};
		BD40B84621BDD0F9007C9FC2 /* Debug */ = {
			isa = XCBuildConfiguration;
			baseConfigurationReference = FCD15E08A0EA99B182F49539 /* Pods-Swift News.debug.xcconfig */;
			buildSettings = {
				ASSETCATALOG_COMPILER_APPICON_NAME = AppIcon;
				CODE_SIGN_STYLE = Automatic;
				DEVELOPMENT_TEAM = 4T87K25SZU;
				INFOPLIST_FILE = "Swift News/Info.plist";
				LD_RUNPATH_SEARCH_PATHS = (
					"$(inherited)",
					"@executable_path/Frameworks",
				);
				PRODUCT_BUNDLE_IDENTIFIER = "com.digimarktech.Swift-News";
				PRODUCT_NAME = "$(TARGET_NAME)";
				SWIFT_VERSION = 4.2;
				TARGETED_DEVICE_FAMILY = "1,2";
			};
			name = Debug;
		};
		BD40B84721BDD0F9007C9FC2 /* Release */ = {
			isa = XCBuildConfiguration;
			baseConfigurationReference = A541C44219743DD8B2A1B01E /* Pods-Swift News.release.xcconfig */;
			buildSettings = {
				ASSETCATALOG_COMPILER_APPICON_NAME = AppIcon;
				CODE_SIGN_STYLE = Automatic;
				DEVELOPMENT_TEAM = 4T87K25SZU;
				INFOPLIST_FILE = "Swift News/Info.plist";
				LD_RUNPATH_SEARCH_PATHS = (
					"$(inherited)",
					"@executable_path/Frameworks",
				);
				PRODUCT_BUNDLE_IDENTIFIER = "com.digimarktech.Swift-News";
				PRODUCT_NAME = "$(TARGET_NAME)";
				SWIFT_VERSION = 4.2;
				TARGETED_DEVICE_FAMILY = "1,2";
			};
			name = Release;
		};
/* End XCBuildConfiguration section */

/* Begin XCConfigurationList section */
		BD40B82E21BDD0F7007C9FC2 /* Build configuration list for PBXProject "Swift News" */ = {
			isa = XCConfigurationList;
			buildConfigurations = (
				BD40B84321BDD0F9007C9FC2 /* Debug */,
				BD40B84421BDD0F9007C9FC2 /* Release */,
			);
			defaultConfigurationIsVisible = 0;
			defaultConfigurationName = Release;
		};
		BD40B84521BDD0F9007C9FC2 /* Build configuration list for PBXNativeTarget "Swift News" */ = {
			isa = XCConfigurationList;
			buildConfigurations = (
				BD40B84621BDD0F9007C9FC2 /* Debug */,
				BD40B84721BDD0F9007C9FC2 /* Release */,
			);
			defaultConfigurationIsVisible = 0;
			defaultConfigurationName = Release;
		};
/* End XCConfigurationList section */
	};
	rootObject = BD40B82B21BDD0F7007C9FC2 /* Project object */;
}
